
Microsoft Visual Studio Solution File, Format Version 12.00
# Visual Studio Version 16
VisualStudioVersion = 16.0.31112.23
MinimumVisualStudioVersion = 10.0.40219.1
Project("{9A19103F-16F7-4668-BE54-9A1E7A4F7556}") = "Hahn.ApplicationProcess.February2021.Web", "Hahn.ApplicationProcess.February2021.Web\Hahn.ApplicationProcess.February2021.Web.csproj", "{E119FF85-05DD-411E-BDD9-68A1240BA152}"
EndProject
Project("{9A19103F-16F7-4668-BE54-9A1E7A4F7556}") = "Hahn.ApplicationProcess.February2021.Domain", "Hahn.ApplicationProcess.February2021.Domain\Hahn.ApplicationProcess.February2021.Domain.csproj", "{861F3F3C-64C8-4C5B-BC53-0BCAF57DE95C}"
EndProject
Project("{9A19103F-16F7-4668-BE54-9A1E7A4F7556}") = "Hahn.ApplicationProcess.February2021.Data", "Hahn.ApplicationProcess.February2021.Data\Hahn.ApplicationProcess.February2021.Data.csproj", "{950EA000-D5C7-4A2F-8A6F-349440342820}"
EndProject
Project("{FAE04EC0-301F-11D3-BF4B-00C04F79EFBC}") = "Hahn.ApplicationProcess.February2021.Mobile.Android", "Hahn.ApplicationProcess.February2021.Mobile\Hahn.ApplicationProcess.February2021.Mobile.Android\Hahn.ApplicationProcess.February2021.Mobile.Android.csproj", "{FFA9ED3A-C73D-49EC-9C80-C31FEE0876B5}"
EndProject
Project("{FAE04EC0-301F-11D3-BF4B-00C04F79EFBC}") = "Hahn.ApplicationProcess.February2021.Mobile.iOS", "Hahn.ApplicationProcess.February2021.Mobile\Hahn.ApplicationProcess.February2021.Mobile.iOS\Hahn.ApplicationProcess.February2021.Mobile.iOS.csproj", "{CB5AD44C-CB36-400A-A3B3-18770640E105}"
EndProject
Project("{FAE04EC0-301F-11D3-BF4B-00C04F79EFBC}") = "Hahn.ApplicationProcess.February2021.Mobile", "Hahn.ApplicationProcess.February2021.Mobile\Hahn.ApplicationProcess.February2021.Mobile\Hahn.ApplicationProcess.February2021.Mobile.csproj", "{67AA403B-D9F0-4510-98B7-58CC3726B26E}"
EndProject
Global
	GlobalSection(SolutionConfigurationPlatforms) = preSolution
		Debug|Any CPU = Debug|Any CPU
		Debug|iPhone = Debug|iPhone
		Debug|iPhoneSimulator = Debug|iPhoneSimulator
		Debug|x64 = Debug|x64
		Release|Any CPU = Release|Any CPU
		Release|iPhone = Release|iPhone
		Release|iPhoneSimulator = Release|iPhoneSimulator
		Release|x64 = Release|x64
	EndGlobalSection
	GlobalSection(ProjectConfigurationPlatforms) = postSolution
		{E119FF85-05DD-411E-BDD9-68A1240BA152}.Debug|Any CPU.ActiveCfg = Debug|Any CPU
		{E119FF85-05DD-411E-BDD9-68A1240BA152}.Debug|Any CPU.Build.0 = Debug|Any CPU
		{E119FF85-05DD-411E-BDD9-68A1240BA152}.Debug|iPhone.ActiveCfg = Debug|Any CPU
		{E119FF85-05DD-411E-BDD9-68A1240BA152}.Debug|iPhone.Build.0 = Debug|Any CPU
		{E119FF85-05DD-411E-BDD9-68A1240BA152}.Debug|iPhoneSimulator.ActiveCfg = Debug|Any CPU
		{E119FF85-05DD-411E-BDD9-68A1240BA152}.Debug|iPhoneSimulator.Build.0 = Debug|Any CPU
		{E119FF85-05DD-411E-BDD9-68A1240BA152}.Debug|x64.ActiveCfg = Debug|x64
		{E119FF85-05DD-411E-BDD9-68A1240BA152}.Debug|x64.Build.0 = Debug|x64
		{E119FF85-05DD-411E-BDD9-68A1240BA152}.Release|Any CPU.ActiveCfg = Release|x64
		{E119FF85-05DD-411E-BDD9-68A1240BA152}.Release|Any CPU.Build.0 = Release|x64
		{E119FF85-05DD-411E-BDD9-68A1240BA152}.Release|iPhone.ActiveCfg = Release|Any CPU
		{E119FF85-05DD-411E-BDD9-68A1240BA152}.Release|iPhone.Build.0 = Release|Any CPU
		{E119FF85-05DD-411E-BDD9-68A1240BA152}.Release|iPhoneSimulator.ActiveCfg = Release|Any CPU
		{E119FF85-05DD-411E-BDD9-68A1240BA152}.Release|iPhoneSimulator.Build.0 = Release|Any CPU
		{E119FF85-05DD-411E-BDD9-68A1240BA152}.Release|x64.ActiveCfg = Release|x64
		{E119FF85-05DD-411E-BDD9-68A1240BA152}.Release|x64.Build.0 = Release|x64
		{861F3F3C-64C8-4C5B-BC53-0BCAF57DE95C}.Debug|Any CPU.ActiveCfg = Debug|Any CPU
		{861F3F3C-64C8-4C5B-BC53-0BCAF57DE95C}.Debug|Any CPU.Build.0 = Debug|Any CPU
		{861F3F3C-64C8-4C5B-BC53-0BCAF57DE95C}.Debug|iPhone.ActiveCfg = Debug|Any CPU
		{861F3F3C-64C8-4C5B-BC53-0BCAF57DE95C}.Debug|iPhone.Build.0 = Debug|Any CPU
		{861F3F3C-64C8-4C5B-BC53-0BCAF57DE95C}.Debug|iPhoneSimulator.ActiveCfg = Debug|Any CPU
		{861F3F3C-64C8-4C5B-BC53-0BCAF57DE95C}.Debug|iPhoneSimulator.Build.0 = Debug|Any CPU
		{861F3F3C-64C8-4C5B-BC53-0BCAF57DE95C}.Debug|x64.ActiveCfg = Debug|x64
		{861F3F3C-64C8-4C5B-BC53-0BCAF57DE95C}.Debug|x64.Build.0 = Debug|x64
		{861F3F3C-64C8-4C5B-BC53-0BCAF57DE95C}.Release|Any CPU.ActiveCfg = Release|x64
		{861F3F3C-64C8-4C5B-BC53-0BCAF57DE95C}.Release|Any CPU.Build.0 = Release|x64
		{861F3F3C-64C8-4C5B-BC53-0BCAF57DE95C}.Release|iPhone.ActiveCfg = Release|Any CPU
		{861F3F3C-64C8-4C5B-BC53-0BCAF57DE95C}.Release|iPhone.Build.0 = Release|Any CPU
		{861F3F3C-64C8-4C5B-BC53-0BCAF57DE95C}.Release|iPhoneSimulator.ActiveCfg = Release|Any CPU
		{861F3F3C-64C8-4C5B-BC53-0BCAF57DE95C}.Release|iPhoneSimulator.Build.0 = Release|Any CPU
		{861F3F3C-64C8-4C5B-BC53-0BCAF57DE95C}.Release|x64.ActiveCfg = Release|x64
		{861F3F3C-64C8-4C5B-BC53-0BCAF57DE95C}.Release|x64.Build.0 = Release|x64
		{950EA000-D5C7-4A2F-8A6F-349440342820}.Debug|Any CPU.ActiveCfg = Debug|Any CPU
		{950EA000-D5C7-4A2F-8A6F-349440342820}.Debug|Any CPU.Build.0 = Debug|Any CPU
		{950EA000-D5C7-4A2F-8A6F-349440342820}.Debug|iPhone.ActiveCfg = Debug|Any CPU
		{950EA000-D5C7-4A2F-8A6F-349440342820}.Debug|iPhone.Build.0 = Debug|Any CPU
		{950EA000-D5C7-4A2F-8A6F-349440342820}.Debug|iPhoneSimulator.ActiveCfg = Debug|Any CPU
		{950EA000-D5C7-4A2F-8A6F-349440342820}.Debug|iPhoneSimulator.Build.0 = Debug|Any CPU
		{950EA000-D5C7-4A2F-8A6F-349440342820}.Debug|x64.ActiveCfg = Debug|x64
		{950EA000-D5C7-4A2F-8A6F-349440342820}.Debug|x64.Build.0 = Debug|x64
		{950EA000-D5C7-4A2F-8A6F-349440342820}.Release|Any CPU.ActiveCfg = Release|x64
		{950EA000-D5C7-4A2F-8A6F-349440342820}.Release|Any CPU.Build.0 = Release|x64
		{950EA000-D5C7-4A2F-8A6F-349440342820}.Release|iPhone.ActiveCfg = Release|Any CPU
		{950EA000-D5C7-4A2F-8A6F-349440342820}.Release|iPhone.Build.0 = Release|Any CPU
		{950EA000-D5C7-4A2F-8A6F-349440342820}.Release|iPhoneSimulator.ActiveCfg = Release|Any CPU
		{950EA000-D5C7-4A2F-8A6F-349440342820}.Release|iPhoneSimulator.Build.0 = Release|Any CPU
		{950EA000-D5C7-4A2F-8A6F-349440342820}.Release|x64.ActiveCfg = Release|x64
		{950EA000-D5C7-4A2F-8A6F-349440342820}.Release|x64.Build.0 = Release|x64
		{FFA9ED3A-C73D-49EC-9C80-C31FEE0876B5}.Debug|Any CPU.ActiveCfg = Debug|Any CPU
		{FFA9ED3A-C73D-49EC-9C80-C31FEE0876B5}.Debug|Any CPU.Build.0 = Debug|Any CPU
		{FFA9ED3A-C73D-49EC-9C80-C31FEE0876B5}.Debug|Any CPU.Deploy.0 = Debug|Any CPU
		{FFA9ED3A-C73D-49EC-9C80-C31FEE0876B5}.Debug|iPhone.ActiveCfg = Debug|Any CPU
		{FFA9ED3A-C73D-49EC-9C80-C31FEE0876B5}.Debug|iPhone.Build.0 = Debug|Any CPU
		{FFA9ED3A-C73D-49EC-9C80-C31FEE0876B5}.Debug|iPhone.Deploy.0 = Debug|Any CPU
		{FFA9ED3A-C73D-49EC-9C80-C31FEE0876B5}.Debug|iPhoneSimulator.ActiveCfg = Debug|Any CPU
		{FFA9ED3A-C73D-49EC-9C80-C31FEE0876B5}.Debug|iPhoneSimulator.Build.0 = Debug|Any CPU
		{FFA9ED3A-C73D-49EC-9C80-C31FEE0876B5}.Debug|iPhoneSimulator.Deploy.0 = Debug|Any CPU
		{FFA9ED3A-C73D-49EC-9C80-C31FEE0876B5}.Debug|x64.ActiveCfg = Debug|Any CPU
		{FFA9ED3A-C73D-49EC-9C80-C31FEE0876B5}.Debug|x64.Build.0 = Debug|Any CPU
		{FFA9ED3A-C73D-49EC-9C80-C31FEE0876B5}.Debug|x64.Deploy.0 = Debug|Any CPU
		{FFA9ED3A-C73D-49EC-9C80-C31FEE0876B5}.Release|Any CPU.ActiveCfg = Release|Any CPU
		{FFA9ED3A-C73D-49EC-9C80-C31FEE0876B5}.Release|Any CPU.Build.0 = Release|Any CPU
		{FFA9ED3A-C73D-49EC-9C80-C31FEE0876B5}.Release|Any CPU.Deploy.0 = Release|Any CPU
		{FFA9ED3A-C73D-49EC-9C80-C31FEE0876B5}.Release|iPhone.ActiveCfg = Release|Any CPU
		{FFA9ED3A-C73D-49EC-9C80-C31FEE0876B5}.Release|iPhone.Build.0 = Release|Any CPU
		{FFA9ED3A-C73D-49EC-9C80-C31FEE0876B5}.Release|iPhone.Deploy.0 = Release|Any CPU
		{FFA9ED3A-C73D-49EC-9C80-C31FEE0876B5}.Release|iPhoneSimulator.ActiveCfg = Release|Any CPU
		{FFA9ED3A-C73D-49EC-9C80-C31FEE0876B5}.Release|iPhoneSimulator.Build.0 = Release|Any CPU
		{FFA9ED3A-C73D-49EC-9C80-C31FEE0876B5}.Release|iPhoneSimulator.Deploy.0 = Release|Any CPU
		{FFA9ED3A-C73D-49EC-9C80-C31FEE0876B5}.Release|x64.ActiveCfg = Release|Any CPU
		{FFA9ED3A-C73D-49EC-9C80-C31FEE0876B5}.Release|x64.Build.0 = Release|Any CPU
		{FFA9ED3A-C73D-49EC-9C80-C31FEE0876B5}.Release|x64.Deploy.0 = Release|Any CPU
		{CB5AD44C-CB36-400A-A3B3-18770640E105}.Debug|Any CPU.ActiveCfg = Debug|iPhoneSimulator
		{CB5AD44C-CB36-400A-A3B3-18770640E105}.Debug|iPhone.ActiveCfg = Debug|iPhone
		{CB5AD44C-CB36-400A-A3B3-18770640E105}.Debug|iPhone.Build.0 = Debug|iPhone
		{CB5AD44C-CB36-400A-A3B3-18770640E105}.Debug|iPhoneSimulator.ActiveCfg = Debug|iPhoneSimulator
		{CB5AD44C-CB36-400A-A3B3-18770640E105}.Debug|iPhoneSimulator.Build.0 = Debug|iPhoneSimulator
		{CB5AD44C-CB36-400A-A3B3-18770640E105}.Debug|x64.ActiveCfg = Debug|iPhoneSimulator
		{CB5AD44C-CB36-400A-A3B3-18770640E105}.Release|Any CPU.ActiveCfg = Release|iPhoneSimulator
		{CB5AD44C-CB36-400A-A3B3-18770640E105}.Release|iPhone.ActiveCfg = Release|iPhone
		{CB5AD44C-CB36-400A-A3B3-18770640E105}.Release|iPhone.Build.0 = Release|iPhone
		{CB5AD44C-CB36-400A-A3B3-18770640E105}.Release|iPhoneSimulator.ActiveCfg = Release|iPhoneSimulator
		{CB5AD44C-CB36-400A-A3B3-18770640E105}.Release|iPhoneSimulator.Build.0 = Release|iPhoneSimulator
		{CB5AD44C-CB36-400A-A3B3-18770640E105}.Release|x64.ActiveCfg = Release|iPhoneSimulator
		{67AA403B-D9F0-4510-98B7-58CC3726B26E}.Debug|Any CPU.ActiveCfg = Debug|Any CPU
		{67AA403B-D9F0-4510-98B7-58CC3726B26E}.Debug|Any CPU.Build.0 = Debug|Any CPU
		{67AA403B-D9F0-4510-98B7-58CC3726B26E}.Debug|iPhone.ActiveCfg = Debug|Any CPU
		{67AA403B-D9F0-4510-98B7-58CC3726B26E}.Debug|iPhone.Build.0 = Debug|Any CPU
		{67AA403B-D9F0-4510-98B7-58CC3726B26E}.Debug|iPhoneSimulator.ActiveCfg = Debug|Any CPU
		{67AA403B-D9F0-4510-98B7-58CC3726B26E}.Debug|iPhoneSimulator.Build.0 = Debug|Any CPU
		{67AA403B-D9F0-4510-98B7-58CC3726B26E}.Debug|x64.ActiveCfg = Debug|Any CPU
		{67AA403B-D9F0-4510-98B7-58CC3726B26E}.Debug|x64.Build.0 = Debug|Any CPU
		{67AA403B-D9F0-4510-98B7-58CC3726B26E}.Release|Any CPU.ActiveCfg = Release|Any CPU
		{67AA403B-D9F0-4510-98B7-58CC3726B26E}.Release|Any CPU.Build.0 = Release|Any CPU
		{67AA403B-D9F0-4510-98B7-58CC3726B26E}.Release|iPhone.ActiveCfg = Release|Any CPU
		{67AA403B-D9F0-4510-98B7-58CC3726B26E}.Release|iPhone.Build.0 = Release|Any CPU
		{67AA403B-D9F0-4510-98B7-58CC3726B26E}.Release|iPhoneSimulator.ActiveCfg = Release|Any CPU
		{67AA403B-D9F0-4510-98B7-58CC3726B26E}.Release|iPhoneSimulator.Build.0 = Release|Any CPU
		{67AA403B-D9F0-4510-98B7-58CC3726B26E}.Release|x64.ActiveCfg = Release|Any CPU
		{67AA403B-D9F0-4510-98B7-58CC3726B26E}.Release|x64.Build.0 = Release|Any CPU
	EndGlobalSection
	GlobalSection(SolutionProperties) = preSolution
		HideSolutionNode = FALSE
	EndGlobalSection
	GlobalSection(ExtensibilityGlobals) = postSolution
		SolutionGuid = {0874E132-5563-402A-A98B-8358D33452F9}
	EndGlobalSection
EndGlobal
